// !$*UTF8*$!
{
	archiveVersion = 1;
	classes = {
	};
	objectVersion = 46;
	objects = {

/* Begin PBXBuildFile section */
		D523FCAF17BAA9B80046E2AA /* leopard_icon.png in Resources */ = {isa = PBXBuildFile; fileRef = D523FCAE17BAA9B80046E2AA /* leopard_icon.png */; };
		D523FCB117BAAA490046E2AA /* leopard_icon_retina.png in Resources */ = {isa = PBXBuildFile; fileRef = D523FCB017BAAA490046E2AA /* leopard_icon_retina.png */; };
		D541315617A3BCE000611F30 /* RepeatedStringsTest.m in Sources */ = {isa = PBXBuildFile; fileRef = D541315517A3BCE000611F30 /* RepeatedStringsTest.m */; };
		D541315917A454F900611F30 /* RepeatedStrings.m in Sources */ = {isa = PBXBuildFile; fileRef = D541315817A454F900611F30 /* RepeatedStrings.m */; };
		D541315A17A454F900611F30 /* RepeatedStrings.m in Sources */ = {isa = PBXBuildFile; fileRef = D541315817A454F900611F30 /* RepeatedStrings.m */; };
		D541315D17A5ACED00611F30 /* SettingsViewController.m in Sources */ = {isa = PBXBuildFile; fileRef = D541315C17A5ACED00611F30 /* SettingsViewController.m */; };
		D541315E17A5ACED00611F30 /* SettingsViewController.m in Sources */ = {isa = PBXBuildFile; fileRef = D541315C17A5ACED00611F30 /* SettingsViewController.m */; };
		D541322017ACF67500611F30 /* leopardskin.jpg in Resources */ = {isa = PBXBuildFile; fileRef = D541321F17ACF67500611F30 /* leopardskin.jpg */; };
		D541322317AD7ED300611F30 /* LeopardButton.m in Sources */ = {isa = PBXBuildFile; fileRef = D541322217AD7ED300611F30 /* LeopardButton.m */; };
		D541322517AEE1DD00611F30 /* QuartzCore.framework in Frameworks */ = {isa = PBXBuildFile; fileRef = D541322417AEE1DD00611F30 /* QuartzCore.framework */; };
		D541329017B66AD100611F30 /* div_en.m4a in Resources */ = {isa = PBXBuildFile; fileRef = D541326D17B66AD100611F30 /* div_en.m4a */; };
		D541329117B66AD100611F30 /* div_en.m4a in Resources */ = {isa = PBXBuildFile; fileRef = D541326D17B66AD100611F30 /* div_en.m4a */; };
		D541329217B66AD100611F30 /* div_swe.m4a in Resources */ = {isa = PBXBuildFile; fileRef = D541326E17B66AD100611F30 /* div_swe.m4a */; };
		D541329317B66AD100611F30 /* div_swe.m4a in Resources */ = {isa = PBXBuildFile; fileRef = D541326E17B66AD100611F30 /* div_swe.m4a */; };
		D541329417B66AD100611F30 /* dot_en.m4a in Resources */ = {isa = PBXBuildFile; fileRef = D541326F17B66AD100611F30 /* dot_en.m4a */; };
		D541329517B66AD100611F30 /* dot_en.m4a in Resources */ = {isa = PBXBuildFile; fileRef = D541326F17B66AD100611F30 /* dot_en.m4a */; };
		D541329617B66AD100611F30 /* dot_swe.m4a in Resources */ = {isa = PBXBuildFile; fileRef = D541327017B66AD100611F30 /* dot_swe.m4a */; };
		D541329717B66AD100611F30 /* dot_swe.m4a in Resources */ = {isa = PBXBuildFile; fileRef = D541327017B66AD100611F30 /* dot_swe.m4a */; };
		D541329817B66AD100611F30 /* eight_en.m4a in Resources */ = {isa = PBXBuildFile; fileRef = D541327117B66AD100611F30 /* eight_en.m4a */; };
		D541329917B66AD100611F30 /* eight_en.m4a in Resources */ = {isa = PBXBuildFile; fileRef = D541327117B66AD100611F30 /* eight_en.m4a */; };
		D541329A17B66AD100611F30 /* eight_swe.m4a in Resources */ = {isa = PBXBuildFile; fileRef = D541327217B66AD100611F30 /* eight_swe.m4a */; };
		D541329B17B66AD100611F30 /* eight_swe.m4a in Resources */ = {isa = PBXBuildFile; fileRef = D541327217B66AD100611F30 /* eight_swe.m4a */; };
		D541329C17B66AD100611F30 /* equal_en.m4a in Resources */ = {isa = PBXBuildFile; fileRef = D541327317B66AD100611F30 /* equal_en.m4a */; };
		D541329D17B66AD100611F30 /* equal_en.m4a in Resources */ = {isa = PBXBuildFile; fileRef = D541327317B66AD100611F30 /* equal_en.m4a */; };
		D541329E17B66AD100611F30 /* equal_swe.m4a in Resources */ = {isa = PBXBuildFile; fileRef = D541327417B66AD100611F30 /* equal_swe.m4a */; };
		D541329F17B66AD100611F30 /* equal_swe.m4a in Resources */ = {isa = PBXBuildFile; fileRef = D541327417B66AD100611F30 /* equal_swe.m4a */; };
		D54132A017B66AD100611F30 /* five_en.m4a in Resources */ = {isa = PBXBuildFile; fileRef = D541327517B66AD100611F30 /* five_en.m4a */; };
		D54132A117B66AD100611F30 /* five_en.m4a in Resources */ = {isa = PBXBuildFile; fileRef = D541327517B66AD100611F30 /* five_en.m4a */; };
		D54132A217B66AD100611F30 /* five_swe.m4a in Resources */ = {isa = PBXBuildFile; fileRef = D541327617B66AD100611F30 /* five_swe.m4a */; };
		D54132A317B66AD100611F30 /* five_swe.m4a in Resources */ = {isa = PBXBuildFile; fileRef = D541327617B66AD100611F30 /* five_swe.m4a */; };
		D54132A417B66AD100611F30 /* four_en.m4a in Resources */ = {isa = PBXBuildFile; fileRef = D541327717B66AD100611F30 /* four_en.m4a */; };
		D54132A517B66AD100611F30 /* four_en.m4a in Resources */ = {isa = PBXBuildFile; fileRef = D541327717B66AD100611F30 /* four_en.m4a */; };
		D54132A617B66AD100611F30 /* four_swe.m4a in Resources */ = {isa = PBXBuildFile; fileRef = D541327817B66AD100611F30 /* four_swe.m4a */; };
		D54132A717B66AD100611F30 /* four_swe.m4a in Resources */ = {isa = PBXBuildFile; fileRef = D541327817B66AD100611F30 /* four_swe.m4a */; };
		D54132A817B66AD100611F30 /* minus_en.m4a in Resources */ = {isa = PBXBuildFile; fileRef = D541327917B66AD100611F30 /* minus_en.m4a */; };
		D54132A917B66AD100611F30 /* minus_en.m4a in Resources */ = {isa = PBXBuildFile; fileRef = D541327917B66AD100611F30 /* minus_en.m4a */; };
		D54132AA17B66AD100611F30 /* minus_swe.m4a in Resources */ = {isa = PBXBuildFile; fileRef = D541327A17B66AD100611F30 /* minus_swe.m4a */; };
		D54132AB17B66AD100611F30 /* minus_swe.m4a in Resources */ = {isa = PBXBuildFile; fileRef = D541327A17B66AD100611F30 /* minus_swe.m4a */; };
		D54132AC17B66AD100611F30 /* mul_en.m4a in Resources */ = {isa = PBXBuildFile; fileRef = D541327B17B66AD100611F30 /* mul_en.m4a */; };
		D54132AD17B66AD100611F30 /* mul_en.m4a in Resources */ = {isa = PBXBuildFile; fileRef = D541327B17B66AD100611F30 /* mul_en.m4a */; };
		D54132AE17B66AD100611F30 /* mul_swe.m4a in Resources */ = {isa = PBXBuildFile; fileRef = D541327C17B66AD100611F30 /* mul_swe.m4a */; };
		D54132AF17B66AD100611F30 /* mul_swe.m4a in Resources */ = {isa = PBXBuildFile; fileRef = D541327C17B66AD100611F30 /* mul_swe.m4a */; };
		D54132B017B66AD100611F30 /* nine_en.m4a in Resources */ = {isa = PBXBuildFile; fileRef = D541327D17B66AD100611F30 /* nine_en.m4a */; };
		D54132B117B66AD100611F30 /* nine_en.m4a in Resources */ = {isa = PBXBuildFile; fileRef = D541327D17B66AD100611F30 /* nine_en.m4a */; };
		D54132B217B66AD100611F30 /* nine_swe.m4a in Resources */ = {isa = PBXBuildFile; fileRef = D541327E17B66AD100611F30 /* nine_swe.m4a */; };
		D54132B317B66AD100611F30 /* nine_swe.m4a in Resources */ = {isa = PBXBuildFile; fileRef = D541327E17B66AD100611F30 /* nine_swe.m4a */; };
		D54132B417B66AD100611F30 /* one_en.m4a in Resources */ = {isa = PBXBuildFile; fileRef = D541327F17B66AD100611F30 /* one_en.m4a */; };
		D54132B517B66AD100611F30 /* one_en.m4a in Resources */ = {isa = PBXBuildFile; fileRef = D541327F17B66AD100611F30 /* one_en.m4a */; };
		D54132B617B66AD100611F30 /* one_swe.m4a in Resources */ = {isa = PBXBuildFile; fileRef = D541328017B66AD100611F30 /* one_swe.m4a */; };
		D54132B717B66AD100611F30 /* one_swe.m4a in Resources */ = {isa = PBXBuildFile; fileRef = D541328017B66AD100611F30 /* one_swe.m4a */; };
		D54132B817B66AD100611F30 /* plus_en.m4a in Resources */ = {isa = PBXBuildFile; fileRef = D541328117B66AD100611F30 /* plus_en.m4a */; };
		D54132B917B66AD100611F30 /* plus_en.m4a in Resources */ = {isa = PBXBuildFile; fileRef = D541328117B66AD100611F30 /* plus_en.m4a */; };
		D54132BA17B66AD100611F30 /* plus_swe.m4a in Resources */ = {isa = PBXBuildFile; fileRef = D541328217B66AD100611F30 /* plus_swe.m4a */; };
		D54132BB17B66AD100611F30 /* plus_swe.m4a in Resources */ = {isa = PBXBuildFile; fileRef = D541328217B66AD100611F30 /* plus_swe.m4a */; };
		D54132BC17B66AD100611F30 /* seven_en.m4a in Resources */ = {isa = PBXBuildFile; fileRef = D541328317B66AD100611F30 /* seven_en.m4a */; };
		D54132BD17B66AD100611F30 /* seven_en.m4a in Resources */ = {isa = PBXBuildFile; fileRef = D541328317B66AD100611F30 /* seven_en.m4a */; };
		D54132BE17B66AD100611F30 /* seven_swe.m4a in Resources */ = {isa = PBXBuildFile; fileRef = D541328417B66AD100611F30 /* seven_swe.m4a */; };
		D54132BF17B66AD100611F30 /* seven_swe.m4a in Resources */ = {isa = PBXBuildFile; fileRef = D541328417B66AD100611F30 /* seven_swe.m4a */; };
		D54132C017B66AD100611F30 /* six_en.m4a in Resources */ = {isa = PBXBuildFile; fileRef = D541328517B66AD100611F30 /* six_en.m4a */; };
		D54132C117B66AD100611F30 /* six_en.m4a in Resources */ = {isa = PBXBuildFile; fileRef = D541328517B66AD100611F30 /* six_en.m4a */; };
		D54132C217B66AD100611F30 /* six_swe.m4a in Resources */ = {isa = PBXBuildFile; fileRef = D541328617B66AD100611F30 /* six_swe.m4a */; };
		D54132C317B66AD100611F30 /* six_swe.m4a in Resources */ = {isa = PBXBuildFile; fileRef = D541328617B66AD100611F30 /* six_swe.m4a */; };
		D54132C417B66AD100611F30 /* testa.m4a in Resources */ = {isa = PBXBuildFile; fileRef = D541328717B66AD100611F30 /* testa.m4a */; };
		D54132C517B66AD100611F30 /* testa.m4a in Resources */ = {isa = PBXBuildFile; fileRef = D541328717B66AD100611F30 /* testa.m4a */; };
		D54132C617B66AD100611F30 /* testb.m4a in Resources */ = {isa = PBXBuildFile; fileRef = D541328817B66AD100611F30 /* testb.m4a */; };
		D54132C717B66AD100611F30 /* testb.m4a in Resources */ = {isa = PBXBuildFile; fileRef = D541328817B66AD100611F30 /* testb.m4a */; };
		D54132C817B66AD100611F30 /* testc.m4a in Resources */ = {isa = PBXBuildFile; fileRef = D541328917B66AD100611F30 /* testc.m4a */; };
		D54132C917B66AD100611F30 /* testc.m4a in Resources */ = {isa = PBXBuildFile; fileRef = D541328917B66AD100611F30 /* testc.m4a */; };
		D54132CA17B66AD100611F30 /* three_en.m4a in Resources */ = {isa = PBXBuildFile; fileRef = D541328A17B66AD100611F30 /* three_en.m4a */; };
		D54132CB17B66AD100611F30 /* three_en.m4a in Resources */ = {isa = PBXBuildFile; fileRef = D541328A17B66AD100611F30 /* three_en.m4a */; };
		D54132CC17B66AD100611F30 /* three_swe.m4a in Resources */ = {isa = PBXBuildFile; fileRef = D541328B17B66AD100611F30 /* three_swe.m4a */; };
		D54132CD17B66AD100611F30 /* three_swe.m4a in Resources */ = {isa = PBXBuildFile; fileRef = D541328B17B66AD100611F30 /* three_swe.m4a */; };
		D54132CE17B66AD100611F30 /* two_en.m4a in Resources */ = {isa = PBXBuildFile; fileRef = D541328C17B66AD100611F30 /* two_en.m4a */; };
		D54132CF17B66AD100611F30 /* two_en.m4a in Resources */ = {isa = PBXBuildFile; fileRef = D541328C17B66AD100611F30 /* two_en.m4a */; };
		D54132D017B66AD100611F30 /* two_swe.m4a in Resources */ = {isa = PBXBuildFile; fileRef = D541328D17B66AD100611F30 /* two_swe.m4a */; };
		D54132D117B66AD100611F30 /* two_swe.m4a in Resources */ = {isa = PBXBuildFile; fileRef = D541328D17B66AD100611F30 /* two_swe.m4a */; };
		D54132D217B66AD100611F30 /* zero_en.m4a in Resources */ = {isa = PBXBuildFile; fileRef = D541328E17B66AD100611F30 /* zero_en.m4a */; };
		D54132D317B66AD100611F30 /* zero_en.m4a in Resources */ = {isa = PBXBuildFile; fileRef = D541328E17B66AD100611F30 /* zero_en.m4a */; };
		D54132D417B66AD100611F30 /* zero_swe.m4a in Resources */ = {isa = PBXBuildFile; fileRef = D541328F17B66AD100611F30 /* zero_swe.m4a */; };
		D54132D517B66AD100611F30 /* zero_swe.m4a in Resources */ = {isa = PBXBuildFile; fileRef = D541328F17B66AD100611F30 /* zero_swe.m4a */; };
		D570F2EC1797341C00572426 /* AVFoundation.framework in Frameworks */ = {isa = PBXBuildFile; fileRef = D570F2EB1797341C00572426 /* AVFoundation.framework */; };
		D5A66DEA1782EA8E00D9062F /* MathOperator.m in Sources */ = {isa = PBXBuildFile; fileRef = D5A66DE91782EA8E00D9062F /* MathOperator.m */; };
		D5A66DEB1782EA8E00D9062F /* MathOperator.m in Sources */ = {isa = PBXBuildFile; fileRef = D5A66DE91782EA8E00D9062F /* MathOperator.m */; };
		D5A66DEE17835D2C00D9062F /* MathOperatorTest.m in Sources */ = {isa = PBXBuildFile; fileRef = D5A66DED17835D2C00D9062F /* MathOperatorTest.m */; };
		D5AECF3217A04C46001C6E55 /* a.b.mp3 in Resources */ = {isa = PBXBuildFile; fileRef = D5AECF3117A04C46001C6E55 /* a.b.mp3 */; };
		D5AECF3517A04FCD001C6E55 /* AudioPlayerMock.m in Sources */ = {isa = PBXBuildFile; fileRef = D5AECF3417A04FCD001C6E55 /* AudioPlayerMock.m */; };
		D5C915BF17820D5D003939D1 /* UIKit.framework in Frameworks */ = {isa = PBXBuildFile; fileRef = D5C915BE17820D5D003939D1 /* UIKit.framework */; };
		D5C915C117820D5D003939D1 /* Foundation.framework in Frameworks */ = {isa = PBXBuildFile; fileRef = D5C915C017820D5D003939D1 /* Foundation.framework */; };
		D5C915C317820D5D003939D1 /* CoreGraphics.framework in Frameworks */ = {isa = PBXBuildFile; fileRef = D5C915C217820D5D003939D1 /* CoreGraphics.framework */; };
		D5C915C917820D5D003939D1 /* InfoPlist.strings in Resources */ = {isa = PBXBuildFile; fileRef = D5C915C717820D5D003939D1 /* InfoPlist.strings */; };
		D5C915CB17820D5D003939D1 /* main.m in Sources */ = {isa = PBXBuildFile; fileRef = D5C915CA17820D5D003939D1 /* main.m */; };
		D5C915CF17820D5D003939D1 /* AppDelegate.m in Sources */ = {isa = PBXBuildFile; fileRef = D5C915CE17820D5D003939D1 /* AppDelegate.m */; };
		D5C915D117820D5D003939D1 /* Default.png in Resources */ = {isa = PBXBuildFile; fileRef = D5C915D017820D5D003939D1 /* Default.png */; };
		D5C915D317820D5D003939D1 /* Default@2x.png in Resources */ = {isa = PBXBuildFile; fileRef = D5C915D217820D5D003939D1 /* Default@2x.png */; };
		D5C915D517820D5D003939D1 /* Default-568h@2x.png in Resources */ = {isa = PBXBuildFile; fileRef = D5C915D417820D5D003939D1 /* Default-568h@2x.png */; };
		D5C915D817820D5D003939D1 /* MainStoryboard.storyboard in Resources */ = {isa = PBXBuildFile; fileRef = D5C915D617820D5D003939D1 /* MainStoryboard.storyboard */; };
		D5C915DB17820D5D003939D1 /* ViewController.m in Sources */ = {isa = PBXBuildFile; fileRef = D5C915DA17820D5D003939D1 /* ViewController.m */; };
		D5C915E317820D5D003939D1 /* SenTestingKit.framework in Frameworks */ = {isa = PBXBuildFile; fileRef = D5C915E217820D5D003939D1 /* SenTestingKit.framework */; };
		D5C915E417820D5D003939D1 /* UIKit.framework in Frameworks */ = {isa = PBXBuildFile; fileRef = D5C915BE17820D5D003939D1 /* UIKit.framework */; };
		D5C915E517820D5D003939D1 /* Foundation.framework in Frameworks */ = {isa = PBXBuildFile; fileRef = D5C915C017820D5D003939D1 /* Foundation.framework */; };
		D5C915ED17820D5D003939D1 /* InfoPlist.strings in Resources */ = {isa = PBXBuildFile; fileRef = D5C915EB17820D5D003939D1 /* InfoPlist.strings */; };
		D5C915F017820D5D003939D1 /* NewCalculatorTests.m in Sources */ = {isa = PBXBuildFile; fileRef = D5C915EF17820D5D003939D1 /* NewCalculatorTests.m */; };
		D5E81BEF179F088400BC8659 /* AudioPlayer.m in Sources */ = {isa = PBXBuildFile; fileRef = D5E81BEE179F088400BC8659 /* AudioPlayer.m */; };
		D5E81BF2179F093C00BC8659 /* AudioPlayerTests.m in Sources */ = {isa = PBXBuildFile; fileRef = D5E81BF1179F093C00BC8659 /* AudioPlayerTests.m */; };
		D5E81BF3179F0A6900BC8659 /* AVFoundation.framework in Frameworks */ = {isa = PBXBuildFile; fileRef = D570F2EB1797341C00572426 /* AVFoundation.framework */; };
		D5EEF955178F3B3F0030E723 /* Display.m in Sources */ = {isa = PBXBuildFile; fileRef = D5EEF954178F3B3F0030E723 /* Display.m */; };
		D5EEF956178F3B3F0030E723 /* Display.m in Sources */ = {isa = PBXBuildFile; fileRef = D5EEF954178F3B3F0030E723 /* Display.m */; };
		D5EEF959178F3B560030E723 /* DisplayTest.m in Sources */ = {isa = PBXBuildFile; fileRef = D5EEF958178F3B550030E723 /* DisplayTest.m */; };
/* End PBXBuildFile section */

/* Begin PBXContainerItemProxy section */
		D5C915E617820D5D003939D1 /* PBXContainerItemProxy */ = {
			isa = PBXContainerItemProxy;
			containerPortal = D5C915B317820D5D003939D1 /* Project object */;
			proxyType = 1;
			remoteGlobalIDString = D5C915BA17820D5D003939D1;
			remoteInfo = NewCalculator;
		};
/* End PBXContainerItemProxy section */

/* Begin PBXFileReference section */
		D523FCAE17BAA9B80046E2AA /* leopard_icon.png */ = {isa = PBXFileReference; lastKnownFileType = image.png; path = leopard_icon.png; sourceTree = "<group>"; };
		D523FCB017BAAA490046E2AA /* leopard_icon_retina.png */ = {isa = PBXFileReference; lastKnownFileType = image.png; path = leopard_icon_retina.png; sourceTree = "<group>"; };
		D541315417A3BCE000611F30 /* RepeatedStringsTest.h */ = {isa = PBXFileReference; fileEncoding = 4; lastKnownFileType = sourcecode.c.h; path = RepeatedStringsTest.h; sourceTree = "<group>"; };
		D541315517A3BCE000611F30 /* RepeatedStringsTest.m */ = {isa = PBXFileReference; fileEncoding = 4; lastKnownFileType = sourcecode.c.objc; path = RepeatedStringsTest.m; sourceTree = "<group>"; };
		D541315717A454F900611F30 /* RepeatedStrings.h */ = {isa = PBXFileReference; fileEncoding = 4; lastKnownFileType = sourcecode.c.h; path = RepeatedStrings.h; sourceTree = "<group>"; };
		D541315817A454F900611F30 /* RepeatedStrings.m */ = {isa = PBXFileReference; fileEncoding = 4; lastKnownFileType = sourcecode.c.objc; path = RepeatedStrings.m; sourceTree = "<group>"; };
		D541315B17A5ACED00611F30 /* SettingsViewController.h */ = {isa = PBXFileReference; fileEncoding = 4; lastKnownFileType = sourcecode.c.h; path = SettingsViewController.h; sourceTree = "<group>"; };
		D541315C17A5ACED00611F30 /* SettingsViewController.m */ = {isa = PBXFileReference; fileEncoding = 4; lastKnownFileType = sourcecode.c.objc; path = SettingsViewController.m; sourceTree = "<group>"; };
		D541321F17ACF67500611F30 /* leopardskin.jpg */ = {isa = PBXFileReference; lastKnownFileType = image.jpeg; name = leopardskin.jpg; path = ../../../Documents/leopardskin.jpg; sourceTree = "<group>"; };
		D541322117AD7ED300611F30 /* LeopardButton.h */ = {isa = PBXFileReference; fileEncoding = 4; lastKnownFileType = sourcecode.c.h; path = LeopardButton.h; sourceTree = "<group>"; };
		D541322217AD7ED300611F30 /* LeopardButton.m */ = {isa = PBXFileReference; fileEncoding = 4; lastKnownFileType = sourcecode.c.objc; path = LeopardButton.m; sourceTree = "<group>"; };
		D541322417AEE1DD00611F30 /* QuartzCore.framework */ = {isa = PBXFileReference; lastKnownFileType = wrapper.framework; name = QuartzCore.framework; path = System/Library/Frameworks/QuartzCore.framework; sourceTree = SDKROOT; };
		D541326D17B66AD100611F30 /* div_en.m4a */ = {isa = PBXFileReference; lastKnownFileType = file; path = div_en.m4a; sourceTree = "<group>"; };
		D541326E17B66AD100611F30 /* div_swe.m4a */ = {isa = PBXFileReference; lastKnownFileType = file; path = div_swe.m4a; sourceTree = "<group>"; };
		D541326F17B66AD100611F30 /* dot_en.m4a */ = {isa = PBXFileReference; lastKnownFileType = file; path = dot_en.m4a; sourceTree = "<group>"; };
		D541327017B66AD100611F30 /* dot_swe.m4a */ = {isa = PBXFileReference; lastKnownFileType = file; path = dot_swe.m4a; sourceTree = "<group>"; };
		D541327117B66AD100611F30 /* eight_en.m4a */ = {isa = PBXFileReference; lastKnownFileType = file; path = eight_en.m4a; sourceTree = "<group>"; };
		D541327217B66AD100611F30 /* eight_swe.m4a */ = {isa = PBXFileReference; lastKnownFileType = file; path = eight_swe.m4a; sourceTree = "<group>"; };
		D541327317B66AD100611F30 /* equal_en.m4a */ = {isa = PBXFileReference; lastKnownFileType = file; path = equal_en.m4a; sourceTree = "<group>"; };
		D541327417B66AD100611F30 /* equal_swe.m4a */ = {isa = PBXFileReference; lastKnownFileType = file; path = equal_swe.m4a; sourceTree = "<group>"; };
		D541327517B66AD100611F30 /* five_en.m4a */ = {isa = PBXFileReference; lastKnownFileType = file; path = five_en.m4a; sourceTree = "<group>"; };
		D541327617B66AD100611F30 /* five_swe.m4a */ = {isa = PBXFileReference; lastKnownFileType = file; path = five_swe.m4a; sourceTree = "<group>"; };
		D541327717B66AD100611F30 /* four_en.m4a */ = {isa = PBXFileReference; lastKnownFileType = file; path = four_en.m4a; sourceTree = "<group>"; };
		D541327817B66AD100611F30 /* four_swe.m4a */ = {isa = PBXFileReference; lastKnownFileType = file; path = four_swe.m4a; sourceTree = "<group>"; };
		D541327917B66AD100611F30 /* minus_en.m4a */ = {isa = PBXFileReference; lastKnownFileType = file; path = minus_en.m4a; sourceTree = "<group>"; };
		D541327A17B66AD100611F30 /* minus_swe.m4a */ = {isa = PBXFileReference; lastKnownFileType = file; path = minus_swe.m4a; sourceTree = "<group>"; };
		D541327B17B66AD100611F30 /* mul_en.m4a */ = {isa = PBXFileReference; lastKnownFileType = file; path = mul_en.m4a; sourceTree = "<group>"; };
		D541327C17B66AD100611F30 /* mul_swe.m4a */ = {isa = PBXFileReference; lastKnownFileType = file; path = mul_swe.m4a; sourceTree = "<group>"; };
		D541327D17B66AD100611F30 /* nine_en.m4a */ = {isa = PBXFileReference; lastKnownFileType = file; path = nine_en.m4a; sourceTree = "<group>"; };
		D541327E17B66AD100611F30 /* nine_swe.m4a */ = {isa = PBXFileReference; lastKnownFileType = file; path = nine_swe.m4a; sourceTree = "<group>"; };
		D541327F17B66AD100611F30 /* one_en.m4a */ = {isa = PBXFileReference; lastKnownFileType = file; path = one_en.m4a; sourceTree = "<group>"; };
		D541328017B66AD100611F30 /* one_swe.m4a */ = {isa = PBXFileReference; lastKnownFileType = file; path = one_swe.m4a; sourceTree = "<group>"; };
		D541328117B66AD100611F30 /* plus_en.m4a */ = {isa = PBXFileReference; lastKnownFileType = file; path = plus_en.m4a; sourceTree = "<group>"; };
		D541328217B66AD100611F30 /* plus_swe.m4a */ = {isa = PBXFileReference; lastKnownFileType = file; path = plus_swe.m4a; sourceTree = "<group>"; };
		D541328317B66AD100611F30 /* seven_en.m4a */ = {isa = PBXFileReference; lastKnownFileType = file; path = seven_en.m4a; sourceTree = "<group>"; };
		D541328417B66AD100611F30 /* seven_swe.m4a */ = {isa = PBXFileReference; lastKnownFileType = file; path = seven_swe.m4a; sourceTree = "<group>"; };
		D541328517B66AD100611F30 /* six_en.m4a */ = {isa = PBXFileReference; lastKnownFileType = file; path = six_en.m4a; sourceTree = "<group>"; };
		D541328617B66AD100611F30 /* six_swe.m4a */ = {isa = PBXFileReference; lastKnownFileType = file; path = six_swe.m4a; sourceTree = "<group>"; };
		D541328717B66AD100611F30 /* testa.m4a */ = {isa = PBXFileReference; lastKnownFileType = file; path = testa.m4a; sourceTree = "<group>"; };
		D541328817B66AD100611F30 /* testb.m4a */ = {isa = PBXFileReference; lastKnownFileType = file; path = testb.m4a; sourceTree = "<group>"; };
		D541328917B66AD100611F30 /* testc.m4a */ = {isa = PBXFileReference; lastKnownFileType = file; path = testc.m4a; sourceTree = "<group>"; };
		D541328A17B66AD100611F30 /* three_en.m4a */ = {isa = PBXFileReference; lastKnownFileType = file; path = three_en.m4a; sourceTree = "<group>"; };
		D541328B17B66AD100611F30 /* three_swe.m4a */ = {isa = PBXFileReference; lastKnownFileType = file; path = three_swe.m4a; sourceTree = "<group>"; };
		D541328C17B66AD100611F30 /* two_en.m4a */ = {isa = PBXFileReference; lastKnownFileType = file; path = two_en.m4a; sourceTree = "<group>"; };
		D541328D17B66AD100611F30 /* two_swe.m4a */ = {isa = PBXFileReference; lastKnownFileType = file; path = two_swe.m4a; sourceTree = "<group>"; };
		D541328E17B66AD100611F30 /* zero_en.m4a */ = {isa = PBXFileReference; lastKnownFileType = file; path = zero_en.m4a; sourceTree = "<group>"; };
		D541328F17B66AD100611F30 /* zero_swe.m4a */ = {isa = PBXFileReference; lastKnownFileType = file; path = zero_swe.m4a; sourceTree = "<group>"; };
		D570F2EB1797341C00572426 /* AVFoundation.framework */ = {isa = PBXFileReference; lastKnownFileType = wrapper.framework; name = AVFoundation.framework; path = System/Library/Frameworks/AVFoundation.framework; sourceTree = SDKROOT; };
		D5A66DE81782EA8E00D9062F /* MathOperator.h */ = {isa = PBXFileReference; fileEncoding = 4; lastKnownFileType = sourcecode.c.h; path = MathOperator.h; sourceTree = "<group>"; };
		D5A66DE91782EA8E00D9062F /* MathOperator.m */ = {isa = PBXFileReference; fileEncoding = 4; lastKnownFileType = sourcecode.c.objc; path = MathOperator.m; sourceTree = "<group>"; };
		D5A66DEC17835D2C00D9062F /* MathOperatorTest.h */ = {isa = PBXFileReference; fileEncoding = 4; lastKnownFileType = sourcecode.c.h; path = MathOperatorTest.h; sourceTree = "<group>"; };
		D5A66DED17835D2C00D9062F /* MathOperatorTest.m */ = {isa = PBXFileReference; fileEncoding = 4; lastKnownFileType = sourcecode.c.objc; path = MathOperatorTest.m; sourceTree = "<group>"; };
		D5AECF3117A04C46001C6E55 /* a.b.mp3 */ = {isa = PBXFileReference; lastKnownFileType = audio.mp3; path = a.b.mp3; sourceTree = "<group>"; };
		D5AECF3317A04FCD001C6E55 /* AudioPlayerMock.h */ = {isa = PBXFileReference; fileEncoding = 4; lastKnownFileType = sourcecode.c.h; path = AudioPlayerMock.h; sourceTree = "<group>"; };
		D5AECF3417A04FCD001C6E55 /* AudioPlayerMock.m */ = {isa = PBXFileReference; fileEncoding = 4; lastKnownFileType = sourcecode.c.objc; path = AudioPlayerMock.m; sourceTree = "<group>"; };
		D5C915BB17820D5D003939D1 /* Leo Calc.app */ = {isa = PBXFileReference; explicitFileType = wrapper.application; includeInIndex = 0; path = "Leo Calc.app"; sourceTree = BUILT_PRODUCTS_DIR; };
		D5C915BE17820D5D003939D1 /* UIKit.framework */ = {isa = PBXFileReference; lastKnownFileType = wrapper.framework; name = UIKit.framework; path = System/Library/Frameworks/UIKit.framework; sourceTree = SDKROOT; };
		D5C915C017820D5D003939D1 /* Foundation.framework */ = {isa = PBXFileReference; lastKnownFileType = wrapper.framework; name = Foundation.framework; path = System/Library/Frameworks/Foundation.framework; sourceTree = SDKROOT; };
		D5C915C217820D5D003939D1 /* CoreGraphics.framework */ = {isa = PBXFileReference; lastKnownFileType = wrapper.framework; name = CoreGraphics.framework; path = System/Library/Frameworks/CoreGraphics.framework; sourceTree = SDKROOT; };
		D5C915C617820D5D003939D1 /* Leo Calc-Info.plist */ = {isa = PBXFileReference; lastKnownFileType = text.plist.xml; path = "Leo Calc-Info.plist"; sourceTree = "<group>"; };
		D5C915C817820D5D003939D1 /* en */ = {isa = PBXFileReference; lastKnownFileType = text.plist.strings; name = en; path = en.lproj/InfoPlist.strings; sourceTree = "<group>"; };
		D5C915CA17820D5D003939D1 /* main.m */ = {isa = PBXFileReference; lastKnownFileType = sourcecode.c.objc; path = main.m; sourceTree = "<group>"; };
		D5C915CC17820D5D003939D1 /* Leo Calc-Prefix.pch */ = {isa = PBXFileReference; lastKnownFileType = sourcecode.c.h; path = "Leo Calc-Prefix.pch"; sourceTree = "<group>"; };
		D5C915CD17820D5D003939D1 /* AppDelegate.h */ = {isa = PBXFileReference; lastKnownFileType = sourcecode.c.h; path = AppDelegate.h; sourceTree = "<group>"; };
		D5C915CE17820D5D003939D1 /* AppDelegate.m */ = {isa = PBXFileReference; lastKnownFileType = sourcecode.c.objc; path = AppDelegate.m; sourceTree = "<group>"; };
		D5C915D017820D5D003939D1 /* Default.png */ = {isa = PBXFileReference; lastKnownFileType = image.png; path = Default.png; sourceTree = "<group>"; };
		D5C915D217820D5D003939D1 /* Default@2x.png */ = {isa = PBXFileReference; lastKnownFileType = image.png; path = "Default@2x.png"; sourceTree = "<group>"; };
		D5C915D417820D5D003939D1 /* Default-568h@2x.png */ = {isa = PBXFileReference; lastKnownFileType = image.png; path = "Default-568h@2x.png"; sourceTree = "<group>"; };
		D5C915D717820D5D003939D1 /* en */ = {isa = PBXFileReference; lastKnownFileType = file.storyboard; name = en; path = en.lproj/MainStoryboard.storyboard; sourceTree = "<group>"; };
		D5C915D917820D5D003939D1 /* ViewController.h */ = {isa = PBXFileReference; lastKnownFileType = sourcecode.c.h; path = ViewController.h; sourceTree = "<group>"; };
		D5C915DA17820D5D003939D1 /* ViewController.m */ = {isa = PBXFileReference; lastKnownFileType = sourcecode.c.objc; path = ViewController.m; sourceTree = "<group>"; };
		D5C915E117820D5D003939D1 /* Leo CalcTests.octest */ = {isa = PBXFileReference; explicitFileType = wrapper.cfbundle; includeInIndex = 0; path = "Leo CalcTests.octest"; sourceTree = BUILT_PRODUCTS_DIR; };
		D5C915E217820D5D003939D1 /* SenTestingKit.framework */ = {isa = PBXFileReference; lastKnownFileType = wrapper.framework; name = SenTestingKit.framework; path = Library/Frameworks/SenTestingKit.framework; sourceTree = DEVELOPER_DIR; };
		D5C915EA17820D5D003939D1 /* Leo CalcTests-Info.plist */ = {isa = PBXFileReference; lastKnownFileType = text.plist.xml; path = "Leo CalcTests-Info.plist"; sourceTree = "<group>"; };
		D5C915EC17820D5D003939D1 /* en */ = {isa = PBXFileReference; lastKnownFileType = text.plist.strings; name = en; path = en.lproj/InfoPlist.strings; sourceTree = "<group>"; };
		D5C915EE17820D5D003939D1 /* NewCalculatorTests.h */ = {isa = PBXFileReference; lastKnownFileType = sourcecode.c.h; path = NewCalculatorTests.h; sourceTree = "<group>"; };
		D5C915EF17820D5D003939D1 /* NewCalculatorTests.m */ = {isa = PBXFileReference; lastKnownFileType = sourcecode.c.objc; path = NewCalculatorTests.m; sourceTree = "<group>"; };
		D5E81BED179F088400BC8659 /* AudioPlayer.h */ = {isa = PBXFileReference; fileEncoding = 4; lastKnownFileType = sourcecode.c.h; path = AudioPlayer.h; sourceTree = "<group>"; };
		D5E81BEE179F088400BC8659 /* AudioPlayer.m */ = {isa = PBXFileReference; fileEncoding = 4; lastKnownFileType = sourcecode.c.objc; path = AudioPlayer.m; sourceTree = "<group>"; };
		D5E81BF0179F093C00BC8659 /* AudioPlayerTests.h */ = {isa = PBXFileReference; fileEncoding = 4; lastKnownFileType = sourcecode.c.h; path = AudioPlayerTests.h; sourceTree = "<group>"; };
		D5E81BF1179F093C00BC8659 /* AudioPlayerTests.m */ = {isa = PBXFileReference; fileEncoding = 4; lastKnownFileType = sourcecode.c.objc; path = AudioPlayerTests.m; sourceTree = "<group>"; };
		D5EEF953178F3B3F0030E723 /* Display.h */ = {isa = PBXFileReference; fileEncoding = 4; lastKnownFileType = sourcecode.c.h; path = Display.h; sourceTree = "<group>"; };
		D5EEF954178F3B3F0030E723 /* Display.m */ = {isa = PBXFileReference; fileEncoding = 4; lastKnownFileType = sourcecode.c.objc; path = Display.m; sourceTree = "<group>"; };
		D5EEF957178F3B550030E723 /* DisplayTest.h */ = {isa = PBXFileReference; fileEncoding = 4; lastKnownFileType = sourcecode.c.h; path = DisplayTest.h; sourceTree = "<group>"; };
		D5EEF958178F3B550030E723 /* DisplayTest.m */ = {isa = PBXFileReference; fileEncoding = 4; lastKnownFileType = sourcecode.c.objc; path = DisplayTest.m; sourceTree = "<group>"; };
/* End PBXFileReference section */

/* Begin PBXFrameworksBuildPhase section */
		D5C915B817820D5D003939D1 /* Frameworks */ = {
			isa = PBXFrameworksBuildPhase;
			buildActionMask = 2147483647;
			files = (
				D541322517AEE1DD00611F30 /* QuartzCore.framework in Frameworks */,
				D570F2EC1797341C00572426 /* AVFoundation.framework in Frameworks */,
				D5C915BF17820D5D003939D1 /* UIKit.framework in Frameworks */,
				D5C915C117820D5D003939D1 /* Foundation.framework in Frameworks */,
				D5C915C317820D5D003939D1 /* CoreGraphics.framework in Frameworks */,
			);
			runOnlyForDeploymentPostprocessing = 0;
		};
		D5C915DD17820D5D003939D1 /* Frameworks */ = {
			isa = PBXFrameworksBuildPhase;
			buildActionMask = 2147483647;
			files = (
				D5E81BF3179F0A6900BC8659 /* AVFoundation.framework in Frameworks */,
				D5C915E317820D5D003939D1 /* SenTestingKit.framework in Frameworks */,
				D5C915E417820D5D003939D1 /* UIKit.framework in Frameworks */,
				D5C915E517820D5D003939D1 /* Foundation.framework in Frameworks */,
			);
			runOnlyForDeploymentPostprocessing = 0;
		};
/* End PBXFrameworksBuildPhase section */

/* Begin PBXGroup section */
		D541326C17B66AD100611F30 /* AudioFiles */ = {
			isa = PBXGroup;
			children = (
				D541328717B66AD100611F30 /* testa.m4a */,
				D541328817B66AD100611F30 /* testb.m4a */,
				D541328917B66AD100611F30 /* testc.m4a */,
				D541326D17B66AD100611F30 /* div_en.m4a */,
				D541326E17B66AD100611F30 /* div_swe.m4a */,
				D541326F17B66AD100611F30 /* dot_en.m4a */,
				D541327017B66AD100611F30 /* dot_swe.m4a */,
				D541327117B66AD100611F30 /* eight_en.m4a */,
				D541327217B66AD100611F30 /* eight_swe.m4a */,
				D541327317B66AD100611F30 /* equal_en.m4a */,
				D541327417B66AD100611F30 /* equal_swe.m4a */,
				D541327517B66AD100611F30 /* five_en.m4a */,
				D541327617B66AD100611F30 /* five_swe.m4a */,
				D541327717B66AD100611F30 /* four_en.m4a */,
				D541327817B66AD100611F30 /* four_swe.m4a */,
				D541327917B66AD100611F30 /* minus_en.m4a */,
				D541327A17B66AD100611F30 /* minus_swe.m4a */,
				D541327B17B66AD100611F30 /* mul_en.m4a */,
				D541327C17B66AD100611F30 /* mul_swe.m4a */,
				D541327D17B66AD100611F30 /* nine_en.m4a */,
				D541327E17B66AD100611F30 /* nine_swe.m4a */,
				D541327F17B66AD100611F30 /* one_en.m4a */,
				D541328017B66AD100611F30 /* one_swe.m4a */,
				D541328117B66AD100611F30 /* plus_en.m4a */,
				D541328217B66AD100611F30 /* plus_swe.m4a */,
				D541328317B66AD100611F30 /* seven_en.m4a */,
				D541328417B66AD100611F30 /* seven_swe.m4a */,
				D541328517B66AD100611F30 /* six_en.m4a */,
				D541328617B66AD100611F30 /* six_swe.m4a */,
				D541328A17B66AD100611F30 /* three_en.m4a */,
				D541328B17B66AD100611F30 /* three_swe.m4a */,
				D541328C17B66AD100611F30 /* two_en.m4a */,
				D541328D17B66AD100611F30 /* two_swe.m4a */,
				D541328E17B66AD100611F30 /* zero_en.m4a */,
				D541328F17B66AD100611F30 /* zero_swe.m4a */,
			);
			path = AudioFiles;
			sourceTree = "<group>";
		};
		D5C915B217820D5D003939D1 = {
			isa = PBXGroup;
			children = (
				D523FCB017BAAA490046E2AA /* leopard_icon_retina.png */,
				D523FCAE17BAA9B80046E2AA /* leopard_icon.png */,
				D541326C17B66AD100611F30 /* AudioFiles */,
				D541322417AEE1DD00611F30 /* QuartzCore.framework */,
				D541321F17ACF67500611F30 /* leopardskin.jpg */,
				D570F2EB1797341C00572426 /* AVFoundation.framework */,
				D5C915C417820D5D003939D1 /* NewCalculator */,
				D5C915E817820D5D003939D1 /* NewCalculatorTests */,
				D5C915BD17820D5D003939D1 /* Frameworks */,
				D5C915BC17820D5D003939D1 /* Products */,
			);
			sourceTree = "<group>";
		};
		D5C915BC17820D5D003939D1 /* Products */ = {
			isa = PBXGroup;
			children = (
				D5C915BB17820D5D003939D1 /* Leo Calc.app */,
				D5C915E117820D5D003939D1 /* Leo CalcTests.octest */,
			);
			name = Products;
			sourceTree = "<group>";
		};
		D5C915BD17820D5D003939D1 /* Frameworks */ = {
			isa = PBXGroup;
			children = (
				D5C915BE17820D5D003939D1 /* UIKit.framework */,
				D5C915C017820D5D003939D1 /* Foundation.framework */,
				D5C915C217820D5D003939D1 /* CoreGraphics.framework */,
				D5C915E217820D5D003939D1 /* SenTestingKit.framework */,
			);
			name = Frameworks;
			sourceTree = "<group>";
		};
		D5C915C417820D5D003939D1 /* NewCalculator */ = {
			isa = PBXGroup;
			children = (
				D5C915CD17820D5D003939D1 /* AppDelegate.h */,
				D5C915CE17820D5D003939D1 /* AppDelegate.m */,
				D5A66DE81782EA8E00D9062F /* MathOperator.h */,
				D5A66DE91782EA8E00D9062F /* MathOperator.m */,
				D5C915D617820D5D003939D1 /* MainStoryboard.storyboard */,
				D5C915D917820D5D003939D1 /* ViewController.h */,
				D5C915DA17820D5D003939D1 /* ViewController.m */,
				D5C915C517820D5D003939D1 /* Supporting Files */,
				D5EEF953178F3B3F0030E723 /* Display.h */,
				D5EEF954178F3B3F0030E723 /* Display.m */,
				D5E81BED179F088400BC8659 /* AudioPlayer.h */,
				D5E81BEE179F088400BC8659 /* AudioPlayer.m */,
				D541315717A454F900611F30 /* RepeatedStrings.h */,
				D541315817A454F900611F30 /* RepeatedStrings.m */,
				D541315B17A5ACED00611F30 /* SettingsViewController.h */,
				D541315C17A5ACED00611F30 /* SettingsViewController.m */,
				D541322117AD7ED300611F30 /* LeopardButton.h */,
				D541322217AD7ED300611F30 /* LeopardButton.m */,
			);
			path = NewCalculator;
			sourceTree = "<group>";
		};
		D5C915C517820D5D003939D1 /* Supporting Files */ = {
			isa = PBXGroup;
			children = (
				D5C915C617820D5D003939D1 /* Leo Calc-Info.plist */,
				D5C915C717820D5D003939D1 /* InfoPlist.strings */,
				D5C915CA17820D5D003939D1 /* main.m */,
				D5C915CC17820D5D003939D1 /* Leo Calc-Prefix.pch */,
				D5C915D017820D5D003939D1 /* Default.png */,
				D5C915D217820D5D003939D1 /* Default@2x.png */,
				D5C915D417820D5D003939D1 /* Default-568h@2x.png */,
			);
			name = "Supporting Files";
			sourceTree = "<group>";
		};
		D5C915E817820D5D003939D1 /* NewCalculatorTests */ = {
			isa = PBXGroup;
			children = (
				D5AECF3117A04C46001C6E55 /* a.b.mp3 */,
				D5C915EE17820D5D003939D1 /* NewCalculatorTests.h */,
				D5C915EF17820D5D003939D1 /* NewCalculatorTests.m */,
				D5C915E917820D5D003939D1 /* Supporting Files */,
				D5A66DEC17835D2C00D9062F /* MathOperatorTest.h */,
				D5A66DED17835D2C00D9062F /* MathOperatorTest.m */,
				D5EEF957178F3B550030E723 /* DisplayTest.h */,
				D5EEF958178F3B550030E723 /* DisplayTest.m */,
				D5E81BF0179F093C00BC8659 /* AudioPlayerTests.h */,
				D5E81BF1179F093C00BC8659 /* AudioPlayerTests.m */,
				D5AECF3317A04FCD001C6E55 /* AudioPlayerMock.h */,
				D5AECF3417A04FCD001C6E55 /* AudioPlayerMock.m */,
				D541315417A3BCE000611F30 /* RepeatedStringsTest.h */,
				D541315517A3BCE000611F30 /* RepeatedStringsTest.m */,
			);
			path = NewCalculatorTests;
			sourceTree = "<group>";
		};
		D5C915E917820D5D003939D1 /* Supporting Files */ = {
			isa = PBXGroup;
			children = (
				D5C915EA17820D5D003939D1 /* Leo CalcTests-Info.plist */,
				D5C915EB17820D5D003939D1 /* InfoPlist.strings */,
			);
			name = "Supporting Files";
			sourceTree = "<group>";
		};
/* End PBXGroup section */

/* Begin PBXNativeTarget section */
		D5C915BA17820D5D003939D1 /* Leo Calc */ = {
			isa = PBXNativeTarget;
			buildConfigurationList = D5C915F317820D5D003939D1 /* Build configuration list for PBXNativeTarget "Leo Calc" */;
			buildPhases = (
				D5C915B717820D5D003939D1 /* Sources */,
				D5C915B817820D5D003939D1 /* Frameworks */,
				D5C915B917820D5D003939D1 /* Resources */,
			);
			buildRules = (
			);
			dependencies = (
			);
			name = "Leo Calc";
			productName = NewCalculator;
			productReference = D5C915BB17820D5D003939D1 /* Leo Calc.app */;
			productType = "com.apple.product-type.application";
		};
		D5C915E017820D5D003939D1 /* Leo CalcTests */ = {
			isa = PBXNativeTarget;
			buildConfigurationList = D5C915F617820D5D003939D1 /* Build configuration list for PBXNativeTarget "Leo CalcTests" */;
			buildPhases = (
				D5C915DC17820D5D003939D1 /* Sources */,
				D5C915DD17820D5D003939D1 /* Frameworks */,
				D5C915DE17820D5D003939D1 /* Resources */,
				D5C915DF17820D5D003939D1 /* ShellScript */,
			);
			buildRules = (
			);
			dependencies = (
				D5C915E717820D5D003939D1 /* PBXTargetDependency */,
			);
			name = "Leo CalcTests";
			productName = NewCalculatorTests;
			productReference = D5C915E117820D5D003939D1 /* Leo CalcTests.octest */;
			productType = "com.apple.product-type.bundle";
		};
/* End PBXNativeTarget section */

/* Begin PBXProject section */
		D5C915B317820D5D003939D1 /* Project object */ = {
			isa = PBXProject;
			attributes = {
				LastUpgradeCheck = 0460;
				ORGANIZATIONNAME = "Olof Hellquist";
			};
			buildConfigurationList = D5C915B617820D5D003939D1 /* Build configuration list for PBXProject "Leo Calc" */;
			compatibilityVersion = "Xcode 3.2";
			developmentRegion = English;
			hasScannedForEncodings = 0;
			knownRegions = (
				en,
			);
			mainGroup = D5C915B217820D5D003939D1;
			productRefGroup = D5C915BC17820D5D003939D1 /* Products */;
			projectDirPath = "";
			projectRoot = "";
			targets = (
				D5C915BA17820D5D003939D1 /* Leo Calc */,
				D5C915E017820D5D003939D1 /* Leo CalcTests */,
			);
		};
/* End PBXProject section */

/* Begin PBXResourcesBuildPhase section */
		D5C915B917820D5D003939D1 /* Resources */ = {
			isa = PBXResourcesBuildPhase;
			buildActionMask = 2147483647;
			files = (
				D5C915C917820D5D003939D1 /* InfoPlist.strings in Resources */,
				D5C915D117820D5D003939D1 /* Default.png in Resources */,
				D5C915D317820D5D003939D1 /* Default@2x.png in Resources */,
				D5C915D517820D5D003939D1 /* Default-568h@2x.png in Resources */,
				D5C915D817820D5D003939D1 /* MainStoryboard.storyboard in Resources */,
				D541322017ACF67500611F30 /* leopardskin.jpg in Resources */,
				D541329017B66AD100611F30 /* div_en.m4a in Resources */,
				D541329217B66AD100611F30 /* div_swe.m4a in Resources */,
				D541329417B66AD100611F30 /* dot_en.m4a in Resources */,
				D541329617B66AD100611F30 /* dot_swe.m4a in Resources */,
				D541329817B66AD100611F30 /* eight_en.m4a in Resources */,
				D541329A17B66AD100611F30 /* eight_swe.m4a in Resources */,
				D541329C17B66AD100611F30 /* equal_en.m4a in Resources */,
				D541329E17B66AD100611F30 /* equal_swe.m4a in Resources */,
				D54132A017B66AD100611F30 /* five_en.m4a in Resources */,
				D54132A217B66AD100611F30 /* five_swe.m4a in Resources */,
				D54132A417B66AD100611F30 /* four_en.m4a in Resources */,
				D54132A617B66AD100611F30 /* four_swe.m4a in Resources */,
				D54132A817B66AD100611F30 /* minus_en.m4a in Resources */,
				D54132AA17B66AD100611F30 /* minus_swe.m4a in Resources */,
				D54132AC17B66AD100611F30 /* mul_en.m4a in Resources */,
				D54132AE17B66AD100611F30 /* mul_swe.m4a in Resources */,
				D54132B017B66AD100611F30 /* nine_en.m4a in Resources */,
				D54132B217B66AD100611F30 /* nine_swe.m4a in Resources */,
				D54132B417B66AD100611F30 /* one_en.m4a in Resources */,
				D54132B617B66AD100611F30 /* one_swe.m4a in Resources */,
				D54132B817B66AD100611F30 /* plus_en.m4a in Resources */,
				D54132BA17B66AD100611F30 /* plus_swe.m4a in Resources */,
				D54132BC17B66AD100611F30 /* seven_en.m4a in Resources */,
				D54132BE17B66AD100611F30 /* seven_swe.m4a in Resources */,
				D54132C017B66AD100611F30 /* six_en.m4a in Resources */,
				D54132C217B66AD100611F30 /* six_swe.m4a in Resources */,
				D54132C417B66AD100611F30 /* testa.m4a in Resources */,
				D54132C617B66AD100611F30 /* testb.m4a in Resources */,
				D54132C817B66AD100611F30 /* testc.m4a in Resources */,
				D54132CA17B66AD100611F30 /* three_en.m4a in Resources */,
				D54132CC17B66AD100611F30 /* three_swe.m4a in Resources */,
				D54132CE17B66AD100611F30 /* two_en.m4a in Resources */,
				D54132D017B66AD100611F30 /* two_swe.m4a in Resources */,
				D54132D217B66AD100611F30 /* zero_en.m4a in Resources */,
				D54132D417B66AD100611F30 /* zero_swe.m4a in Resources */,
				D523FCAF17BAA9B80046E2AA /* leopard_icon.png in Resources */,
				D523FCB117BAAA490046E2AA /* leopard_icon_retina.png in Resources */,
			);
			runOnlyForDeploymentPostprocessing = 0;
		};
		D5C915DE17820D5D003939D1 /* Resources */ = {
			isa = PBXResourcesBuildPhase;
			buildActionMask = 2147483647;
			files = (
				D5C915ED17820D5D003939D1 /* InfoPlist.strings in Resources */,
				D5AECF3217A04C46001C6E55 /* a.b.mp3 in Resources */,
				D541329117B66AD100611F30 /* div_en.m4a in Resources */,
				D541329317B66AD100611F30 /* div_swe.m4a in Resources */,
				D541329517B66AD100611F30 /* dot_en.m4a in Resources */,
				D541329717B66AD100611F30 /* dot_swe.m4a in Resources */,
				D541329917B66AD100611F30 /* eight_en.m4a in Resources */,
				D541329B17B66AD100611F30 /* eight_swe.m4a in Resources */,
				D541329D17B66AD100611F30 /* equal_en.m4a in Resources */,
				D541329F17B66AD100611F30 /* equal_swe.m4a in Resources */,
				D54132A117B66AD100611F30 /* five_en.m4a in Resources */,
				D54132A317B66AD100611F30 /* five_swe.m4a in Resources */,
				D54132A517B66AD100611F30 /* four_en.m4a in Resources */,
				D54132A717B66AD100611F30 /* four_swe.m4a in Resources */,
				D54132A917B66AD100611F30 /* minus_en.m4a in Resources */,
				D54132AB17B66AD100611F30 /* minus_swe.m4a in Resources */,
				D54132AD17B66AD100611F30 /* mul_en.m4a in Resources */,
				D54132AF17B66AD100611F30 /* mul_swe.m4a in Resources */,
				D54132B117B66AD100611F30 /* nine_en.m4a in Resources */,
				D54132B317B66AD100611F30 /* nine_swe.m4a in Resources */,
				D54132B517B66AD100611F30 /* one_en.m4a in Resources */,
				D54132B717B66AD100611F30 /* one_swe.m4a in Resources */,
				D54132B917B66AD100611F30 /* plus_en.m4a in Resources */,
				D54132BB17B66AD100611F30 /* plus_swe.m4a in Resources */,
				D54132BD17B66AD100611F30 /* seven_en.m4a in Resources */,
				D54132BF17B66AD100611F30 /* seven_swe.m4a in Resources */,
				D54132C117B66AD100611F30 /* six_en.m4a in Resources */,
				D54132C317B66AD100611F30 /* six_swe.m4a in Resources */,
				D54132C517B66AD100611F30 /* testa.m4a in Resources */,
				D54132C717B66AD100611F30 /* testb.m4a in Resources */,
				D54132C917B66AD100611F30 /* testc.m4a in Resources */,
				D54132CB17B66AD100611F30 /* three_en.m4a in Resources */,
				D54132CD17B66AD100611F30 /* three_swe.m4a in Resources */,
				D54132CF17B66AD100611F30 /* two_en.m4a in Resources */,
				D54132D117B66AD100611F30 /* two_swe.m4a in Resources */,
				D54132D317B66AD100611F30 /* zero_en.m4a in Resources */,
				D54132D517B66AD100611F30 /* zero_swe.m4a in Resources */,
			);
			runOnlyForDeploymentPostprocessing = 0;
		};
/* End PBXResourcesBuildPhase section */

/* Begin PBXShellScriptBuildPhase section */
		D5C915DF17820D5D003939D1 /* ShellScript */ = {
			isa = PBXShellScriptBuildPhase;
			buildActionMask = 2147483647;
			files = (
			);
			inputPaths = (
			);
			outputPaths = (
			);
			runOnlyForDeploymentPostprocessing = 0;
			shellPath = /bin/sh;
			shellScript = "# Run the unit tests in this test bundle.\n\"${SYSTEM_DEVELOPER_DIR}/Tools/RunUnitTests\"\n";
		};
/* End PBXShellScriptBuildPhase section */

/* Begin PBXSourcesBuildPhase section */
		D5C915B717820D5D003939D1 /* Sources */ = {
			isa = PBXSourcesBuildPhase;
			buildActionMask = 2147483647;
			files = (
				D5C915CB17820D5D003939D1 /* main.m in Sources */,
				D5C915CF17820D5D003939D1 /* AppDelegate.m in Sources */,
				D5C915DB17820D5D003939D1 /* ViewController.m in Sources */,
				D5A66DEA1782EA8E00D9062F /* MathOperator.m in Sources */,
				D5EEF955178F3B3F0030E723 /* Display.m in Sources */,
				D5E81BEF179F088400BC8659 /* AudioPlayer.m in Sources */,
				D541315917A454F900611F30 /* RepeatedStrings.m in Sources */,
				D541315D17A5ACED00611F30 /* SettingsViewController.m in Sources */,
				D541322317AD7ED300611F30 /* LeopardButton.m in Sources */,
			);
			runOnlyForDeploymentPostprocessing = 0;
		};
		D5C915DC17820D5D003939D1 /* Sources */ = {
			isa = PBXSourcesBuildPhase;
			buildActionMask = 2147483647;
			files = (
				D5C915F017820D5D003939D1 /* NewCalculatorTests.m in Sources */,
				D5A66DEB1782EA8E00D9062F /* MathOperator.m in Sources */,
				D5A66DEE17835D2C00D9062F /* MathOperatorTest.m in Sources */,
				D5EEF956178F3B3F0030E723 /* Display.m in Sources */,
				D5EEF959178F3B560030E723 /* DisplayTest.m in Sources */,
				D5E81BF2179F093C00BC8659 /* AudioPlayerTests.m in Sources */,
				D5AECF3517A04FCD001C6E55 /* AudioPlayerMock.m in Sources */,
				D541315617A3BCE000611F30 /* RepeatedStringsTest.m in Sources */,
				D541315A17A454F900611F30 /* RepeatedStrings.m in Sources */,
				D541315E17A5ACED00611F30 /* SettingsViewController.m in Sources */,
			);
			runOnlyForDeploymentPostprocessing = 0;
		};
/* End PBXSourcesBuildPhase section */

/* Begin PBXTargetDependency section */
		D5C915E717820D5D003939D1 /* PBXTargetDependency */ = {
			isa = PBXTargetDependency;
			target = D5C915BA17820D5D003939D1 /* Leo Calc */;
			targetProxy = D5C915E617820D5D003939D1 /* PBXContainerItemProxy */;
		};
/* End PBXTargetDependency section */

/* Begin PBXVariantGroup section */
		D5C915C717820D5D003939D1 /* InfoPlist.strings */ = {
			isa = PBXVariantGroup;
			children = (
				D5C915C817820D5D003939D1 /* en */,
			);
			name = InfoPlist.strings;
			sourceTree = "<group>";
		};
		D5C915D617820D5D003939D1 /* MainStoryboard.storyboard */ = {
			isa = PBXVariantGroup;
			children = (
				D5C915D717820D5D003939D1 /* en */,
			);
			name = MainStoryboard.storyboard;
			sourceTree = "<group>";
		};
		D5C915EB17820D5D003939D1 /* InfoPlist.strings */ = {
			isa = PBXVariantGroup;
			children = (
				D5C915EC17820D5D003939D1 /* en */,
			);
			name = InfoPlist.strings;
			sourceTree = "<group>";
		};
/* End PBXVariantGroup section */

/* Begin XCBuildConfiguration section */
		D5C915F117820D5D003939D1 /* Debug */ = {
			isa = XCBuildConfiguration;
			buildSettings = {
				ALWAYS_SEARCH_USER_PATHS = NO;
				CLANG_CXX_LANGUAGE_STANDARD = "gnu++0x";
				CLANG_CXX_LIBRARY = "libc++";
				CLANG_ENABLE_OBJC_ARC = YES;
				CLANG_WARN_CONSTANT_CONVERSION = YES;
				CLANG_WARN_EMPTY_BODY = YES;
				CLANG_WARN_ENUM_CONVERSION = YES;
				CLANG_WARN_INT_CONVERSION = YES;
				CLANG_WARN__DUPLICATE_METHOD_MATCH = YES;
				"CODE_SIGN_IDENTITY[sdk=iphoneos*]" = "iPhone Developer";
				COPY_PHASE_STRIP = NO;
				GCC_C_LANGUAGE_STANDARD = gnu99;
				GCC_DYNAMIC_NO_PIC = NO;
				GCC_OPTIMIZATION_LEVEL = 0;
				GCC_PREPROCESSOR_DEFINITIONS = (
					"DEBUG=1",
					"$(inherited)",
				);
				GCC_SYMBOLS_PRIVATE_EXTERN = NO;
				GCC_WARN_ABOUT_RETURN_TYPE = YES;
				GCC_WARN_UNINITIALIZED_AUTOS = YES;
				GCC_WARN_UNUSED_VARIABLE = YES;
				IPHONEOS_DEPLOYMENT_TARGET = 6.0;
				ONLY_ACTIVE_ARCH = YES;
				SDKROOT = iphoneos;
			};
			name = Debug;
		};
		D5C915F217820D5D003939D1 /* Release */ = {
			isa = XCBuildConfiguration;
			buildSettings = {
				ALWAYS_SEARCH_USER_PATHS = NO;
				CLANG_CXX_LANGUAGE_STANDARD = "gnu++0x";
				CLANG_CXX_LIBRARY = "libc++";
				CLANG_ENABLE_OBJC_ARC = YES;
				CLANG_WARN_CONSTANT_CONVERSION = YES;
				CLANG_WARN_EMPTY_BODY = YES;
				CLANG_WARN_ENUM_CONVERSION = YES;
				CLANG_WARN_INT_CONVERSION = YES;
				CLANG_WARN__DUPLICATE_METHOD_MATCH = YES;
				"CODE_SIGN_IDENTITY[sdk=iphoneos*]" = "iPhone Developer";
				COPY_PHASE_STRIP = YES;
				GCC_C_LANGUAGE_STANDARD = gnu99;
				GCC_WARN_ABOUT_RETURN_TYPE = YES;
				GCC_WARN_UNINITIALIZED_AUTOS = YES;
				GCC_WARN_UNUSED_VARIABLE = YES;
				IPHONEOS_DEPLOYMENT_TARGET = 6.0;
				OTHER_CFLAGS = "-DNS_BLOCK_ASSERTIONS=1";
				SDKROOT = iphoneos;
				VALIDATE_PRODUCT = YES;
			};
			name = Release;
		};
		D5C915F417820D5D003939D1 /* Debug */ = {
			isa = XCBuildConfiguration;
			buildSettings = {
				GCC_PRECOMPILE_PREFIX_HEADER = YES;
				GCC_PREFIX_HEADER = "NewCalculator/Leo Calc-Prefix.pch";
				INFOPLIST_FILE = "NewCalculator/Leo Calc-Info.plist";
				PRODUCT_NAME = "Leo Calc";
				WRAPPER_EXTENSION = app;
			};
			name = Debug;
		};
		D5C915F517820D5D003939D1 /* Release */ = {
			isa = XCBuildConfiguration;
			buildSettings = {
				GCC_PRECOMPILE_PREFIX_HEADER = YES;
				GCC_PREFIX_HEADER = "NewCalculator/Leo Calc-Prefix.pch";
				INFOPLIST_FILE = "NewCalculator/Leo Calc-Info.plist";
				PRODUCT_NAME = "Leo Calc";
				WRAPPER_EXTENSION = app;
			};
			name = Release;
		};
		D5C915F717820D5D003939D1 /* Debug */ = {
			isa = XCBuildConfiguration;
			buildSettings = {
				BUNDLE_LOADER = "$(BUILT_PRODUCTS_DIR)/Leo Calc.app/Leo Calc";
				FRAMEWORK_SEARCH_PATHS = (
					"\"$(SDKROOT)/Developer/Library/Frameworks\"",
					"\"$(DEVELOPER_LIBRARY_DIR)/Frameworks\"",
				);
				GCC_PRECOMPILE_PREFIX_HEADER = YES;
				GCC_PREFIX_HEADER = "NewCalculator/Leo Calc-Prefix.pch";
				INFOPLIST_FILE = "NewCalculatorTests/Leo CalcTests-Info.plist";
				PRECOMPS_INCLUDE_HEADERS_FROM_BUILT_PRODUCTS_DIR = YES;
				PRODUCT_NAME = "Leo CalcTests";
				TEST_HOST = "$(BUNDLE_LOADER)";
				WRAPPER_EXTENSION = octest;
			};
			name = Debug;
		};
		D5C915F817820D5D003939D1 /* Release */ = {
			isa = XCBuildConfiguration;
			buildSettings = {
				BUNDLE_LOADER = "$(BUILT_PRODUCTS_DIR)//Leo Calc.app/Leo Calc";
				FRAMEWORK_SEARCH_PATHS = (
					"\"$(SDKROOT)/Developer/Library/Frameworks\"",
					"\"$(DEVELOPER_LIBRARY_DIR)/Frameworks\"",
				);
				GCC_PRECOMPILE_PREFIX_HEADER = YES;
				GCC_PREFIX_HEADER = "NewCalculator/Leo Calc-Prefix.pch";
				INFOPLIST_FILE = "NewCalculatorTests/Leo CalcTests-Info.plist";
				PRECOMPS_INCLUDE_HEADERS_FROM_BUILT_PRODUCTS_DIR = YES;
				PRODUCT_NAME = "Leo CalcTests";
				TEST_HOST = "$(BUNDLE_LOADER)";
				WRAPPER_EXTENSION = octest;
			};
			name = Release;
		};
/* End XCBuildConfiguration section */

/* Begin XCConfigurationList section */
		D5C915B617820D5D003939D1 /* Build configuration list for PBXProject "Leo Calc" */ = {
			isa = XCConfigurationList;
			buildConfigurations = (
				D5C915F117820D5D003939D1 /* Debug */,
				D5C915F217820D5D003939D1 /* Release */,
			);
			defaultConfigurationIsVisible = 0;
			defaultConfigurationName = Release;
		};
		D5C915F317820D5D003939D1 /* Build configuration list for PBXNativeTarget "Leo Calc" */ = {
			isa = XCConfigurationList;
			buildConfigurations = (
				D5C915F417820D5D003939D1 /* Debug */,
				D5C915F517820D5D003939D1 /* Release */,
			);
			defaultConfigurationIsVisible = 0;
			defaultConfigurationName = Release;
		};
		D5C915F617820D5D003939D1 /* Build configuration list for PBXNativeTarget "Leo CalcTests" */ = {
			isa = XCConfigurationList;
			buildConfigurations = (
				D5C915F717820D5D003939D1 /* Debug */,
				D5C915F817820D5D003939D1 /* Release */,
			);
			defaultConfigurationIsVisible = 0;
			defaultConfigurationName = Release;
		};
/* End XCConfigurationList section */
	};
	rootObject = D5C915B317820D5D003939D1 /* Project object */;
}
